
Microsoft Visual Studio Solution File, Format Version 12.00
# Visual Studio Version 16
VisualStudioVersion = 25.0.1706.8
MinimumVisualStudioVersion = 10.0.40219.1
Project("{FAE04EC0-301F-11D3-BF4B-00C04F79EFBC}") = "Ordering.API", "Ordering.API.csproj", "{D22901CA-37FF-4137-B318-7C830946003D}"
EndProject
Global
	GlobalSection(SolutionConfigurationPlatforms) = preSolution
		Debug|Any CPU = Debug|Any CPU
		Release|Any CPU = Release|Any CPU
	EndGlobalSection
	GlobalSection(ProjectConfigurationPlatforms) = postSolution
		{D22901CA-37FF-4137-B318-7C830946003D}.Debug|Any CPU.ActiveCfg = Debug|Any CPU
		{D22901CA-37FF-4137-B318-7C830946003D}.Debug|Any CPU.Build.0 = Debug|Any CPU
		{D22901CA-37FF-4137-B318-7C830946003D}.Release|Any CPU.ActiveCfg = Release|Any CPU
		{D22901CA-37FF-4137-B318-7C830946003D}.Release|Any CPU.Build.0 = Release|Any CPU
	EndGlobalSection
	GlobalSection(SolutionProperties) = preSolution
		HideSolutionNode = FALSE
	EndGlobalSection
	GlobalSection(ExtensibilityGlobals) = postSolution
		SolutionGuid = {659C0743-B409-443B-B70C-CDDF0CF48571}
	EndGlobalSection
EndGlobal
